
Microsoft Visual Studio Solution File, Format Version 12.00
# Visual Studio 15
VisualStudioVersion = 15.0.28307.329
MinimumVisualStudioVersion = 10.0.40219.1
Project("{9A19103F-16F7-4668-BE54-9A1E7A4F7556}") = "Friendzone.Web", "Friendzone\Friendzone.Web.csproj", "{B6450B46-8F1E-43A4-8CA7-BDBCB86C60B6}"
EndProject
Project("{9A19103F-16F7-4668-BE54-9A1E7A4F7556}") = "Friendzone.DAL", "FriendZone.DAL\Friendzone.DAL.csproj", "{FE4CF932-38B6-4491-A844-5CA021CD1845}"
EndProject
Project("{9A19103F-16F7-4668-BE54-9A1E7A4F7556}") = "Friendzone.Core", "Friendzone.BLL\Friendzone.Core.csproj", "{70F9FE26-EDCF-4E74-B336-58EAF81B16BE}"
EndProject
Project("{2150E333-8FDC-42A3-9474-1A3956D46DE8}") = "src", "src", "{C7D4D257-8F08-4067-ABA0-624546856732}"
EndProject
Project("{2150E333-8FDC-42A3-9474-1A3956D46DE8}") = "Friendzone.Core", "Friendzone.Core", "{256EF014-E87B-4F28-AB52-1E7C4BEBEBC0}"
EndProject
Project("{9A19103F-16F7-4668-BE54-9A1E7A4F7556}") = "Entities", "Entities\Entities.csproj", "{9CFC993F-A4D9-45AF-9A12-4906BDEECF24}"
EndProject
Project("{2150E333-8FDC-42A3-9474-1A3956D46DE8}") = "Friendzone.Data", "Friendzone.Data", "{93DEF794-274A-478A-8D1C-70CBF971561E}"
EndProject
Project("{2150E333-8FDC-42A3-9474-1A3956D46DE8}") = "Friendzone.Presentation", "Friendzone.Presentation", "{62274045-C2C2-445D-A858-FB1CCDAA0471}"
EndProject
Project("{2150E333-8FDC-42A3-9474-1A3956D46DE8}") = "tests", "tests", "{EB6AF87E-4935-4AF1-80F8-09B32CB5CE44}"
EndProject
Project("{2150E333-8FDC-42A3-9474-1A3956D46DE8}") = "Friendzone.Data.Tests", "Friendzone.Data.Tests", "{1B040CC0-EEC1-45F4-B4AD-F6CC45DE8D14}"
EndProject
Project("{2150E333-8FDC-42A3-9474-1A3956D46DE8}") = "Friendzone.Core.Test", "Friendzone.Core.Test", "{375F330F-76B5-447C-A43C-8D9DE985EC49}"
EndProject
Project("{FAE04EC0-301F-11D3-BF4B-00C04F79EFBC}") = "Friendzone.Core.Tests", "Friendzone.Core.Tests\Friendzone.Core.Tests.csproj", "{AFA8D60A-250E-4429-9458-E243B16DA6D1}"
EndProject
Global
	GlobalSection(SolutionConfigurationPlatforms) = preSolution
		Debug|Any CPU = Debug|Any CPU
		Release|Any CPU = Release|Any CPU
	EndGlobalSection
	GlobalSection(ProjectConfigurationPlatforms) = postSolution
		{B6450B46-8F1E-43A4-8CA7-BDBCB86C60B6}.Debug|Any CPU.ActiveCfg = Debug|Any CPU
		{B6450B46-8F1E-43A4-8CA7-BDBCB86C60B6}.Debug|Any CPU.Build.0 = Debug|Any CPU
		{B6450B46-8F1E-43A4-8CA7-BDBCB86C60B6}.Release|Any CPU.ActiveCfg = Release|Any CPU
		{B6450B46-8F1E-43A4-8CA7-BDBCB86C60B6}.Release|Any CPU.Build.0 = Release|Any CPU
		{FE4CF932-38B6-4491-A844-5CA021CD1845}.Debug|Any CPU.ActiveCfg = Debug|Any CPU
		{FE4CF932-38B6-4491-A844-5CA021CD1845}.Debug|Any CPU.Build.0 = Debug|Any CPU
		{FE4CF932-38B6-4491-A844-5CA021CD1845}.Release|Any CPU.ActiveCfg = Release|Any CPU
		{FE4CF932-38B6-4491-A844-5CA021CD1845}.Release|Any CPU.Build.0 = Release|Any CPU
		{70F9FE26-EDCF-4E74-B336-58EAF81B16BE}.Debug|Any CPU.ActiveCfg = Debug|Any CPU
		{70F9FE26-EDCF-4E74-B336-58EAF81B16BE}.Debug|Any CPU.Build.0 = Debug|Any CPU
		{70F9FE26-EDCF-4E74-B336-58EAF81B16BE}.Release|Any CPU.ActiveCfg = Release|Any CPU
		{70F9FE26-EDCF-4E74-B336-58EAF81B16BE}.Release|Any CPU.Build.0 = Release|Any CPU
		{9CFC993F-A4D9-45AF-9A12-4906BDEECF24}.Debug|Any CPU.ActiveCfg = Debug|Any CPU
		{9CFC993F-A4D9-45AF-9A12-4906BDEECF24}.Debug|Any CPU.Build.0 = Debug|Any CPU
		{9CFC993F-A4D9-45AF-9A12-4906BDEECF24}.Release|Any CPU.ActiveCfg = Release|Any CPU
		{9CFC993F-A4D9-45AF-9A12-4906BDEECF24}.Release|Any CPU.Build.0 = Release|Any CPU
		{AFA8D60A-250E-4429-9458-E243B16DA6D1}.Debug|Any CPU.ActiveCfg = Debug|Any CPU
		{AFA8D60A-250E-4429-9458-E243B16DA6D1}.Debug|Any CPU.Build.0 = Debug|Any CPU
		{AFA8D60A-250E-4429-9458-E243B16DA6D1}.Release|Any CPU.ActiveCfg = Release|Any CPU
		{AFA8D60A-250E-4429-9458-E243B16DA6D1}.Release|Any CPU.Build.0 = Release|Any CPU
	EndGlobalSection
	GlobalSection(SolutionProperties) = preSolution
		HideSolutionNode = FALSE
	EndGlobalSection
	GlobalSection(NestedProjects) = preSolution
		{B6450B46-8F1E-43A4-8CA7-BDBCB86C60B6} = {62274045-C2C2-445D-A858-FB1CCDAA0471}
		{FE4CF932-38B6-4491-A844-5CA021CD1845} = {93DEF794-274A-478A-8D1C-70CBF971561E}
		{70F9FE26-EDCF-4E74-B336-58EAF81B16BE} = {256EF014-E87B-4F28-AB52-1E7C4BEBEBC0}
		{256EF014-E87B-4F28-AB52-1E7C4BEBEBC0} = {C7D4D257-8F08-4067-ABA0-624546856732}
		{9CFC993F-A4D9-45AF-9A12-4906BDEECF24} = {256EF014-E87B-4F28-AB52-1E7C4BEBEBC0}
		{93DEF794-274A-478A-8D1C-70CBF971561E} = {C7D4D257-8F08-4067-ABA0-624546856732}
		{62274045-C2C2-445D-A858-FB1CCDAA0471} = {C7D4D257-8F08-4067-ABA0-624546856732}
		{1B040CC0-EEC1-45F4-B4AD-F6CC45DE8D14} = {EB6AF87E-4935-4AF1-80F8-09B32CB5CE44}
		{375F330F-76B5-447C-A43C-8D9DE985EC49} = {EB6AF87E-4935-4AF1-80F8-09B32CB5CE44}
		{AFA8D60A-250E-4429-9458-E243B16DA6D1} = {375F330F-76B5-447C-A43C-8D9DE985EC49}
	EndGlobalSection
	GlobalSection(ExtensibilityGlobals) = postSolution
		SolutionGuid = {FA0783CF-BBBA-4847-823C-EDD6C388939A}
	EndGlobalSection
EndGlobal
