
Microsoft Visual Studio Solution File, Format Version 12.00
# Visual Studio 15
VisualStudioVersion = 15.0.28307.329
MinimumVisualStudioVersion = 10.0.40219.1
Project("{9A19103F-16F7-4668-BE54-9A1E7A4F7556}") = "Friendzone.Web", "Friendzone\Friendzone.Web.csproj", "{B6450B46-8F1E-43A4-8CA7-BDBCB86C60B6}"
EndProject
Project("{9A19103F-16F7-4668-BE54-9A1E7A4F7556}") = "FriendZone.DAL", "FriendZone.DAL\FriendZone.DAL.csproj", "{FE4CF932-38B6-4491-A844-5CA021CD1845}"
EndProject
Project("{FAE04EC0-301F-11D3-BF4B-00C04F79EFBC}") = "Friendzone.BLL", "Friendzone.BLL\Friendzone.BLL.csproj", "{70F9FE26-EDCF-4E74-B336-58EAF81B16BE}"
EndProject
Global
	GlobalSection(SolutionConfigurationPlatforms) = preSolution
		Debug|Any CPU = Debug|Any CPU
		Release|Any CPU = Release|Any CPU
	EndGlobalSection
	GlobalSection(ProjectConfigurationPlatforms) = postSolution
		{B6450B46-8F1E-43A4-8CA7-BDBCB86C60B6}.Debug|Any CPU.ActiveCfg = Debug|Any CPU
		{B6450B46-8F1E-43A4-8CA7-BDBCB86C60B6}.Debug|Any CPU.Build.0 = Debug|Any CPU
		{B6450B46-8F1E-43A4-8CA7-BDBCB86C60B6}.Release|Any CPU.ActiveCfg = Release|Any CPU
		{B6450B46-8F1E-43A4-8CA7-BDBCB86C60B6}.Release|Any CPU.Build.0 = Release|Any CPU
		{FE4CF932-38B6-4491-A844-5CA021CD1845}.Debug|Any CPU.ActiveCfg = Debug|Any CPU
		{FE4CF932-38B6-4491-A844-5CA021CD1845}.Debug|Any CPU.Build.0 = Debug|Any CPU
		{FE4CF932-38B6-4491-A844-5CA021CD1845}.Release|Any CPU.ActiveCfg = Release|Any CPU
		{FE4CF932-38B6-4491-A844-5CA021CD1845}.Release|Any CPU.Build.0 = Release|Any CPU
		{70F9FE26-EDCF-4E74-B336-58EAF81B16BE}.Debug|Any CPU.ActiveCfg = Debug|Any CPU
		{70F9FE26-EDCF-4E74-B336-58EAF81B16BE}.Debug|Any CPU.Build.0 = Debug|Any CPU
		{70F9FE26-EDCF-4E74-B336-58EAF81B16BE}.Release|Any CPU.ActiveCfg = Release|Any CPU
		{70F9FE26-EDCF-4E74-B336-58EAF81B16BE}.Release|Any CPU.Build.0 = Release|Any CPU
	EndGlobalSection
	GlobalSection(SolutionProperties) = preSolution
		HideSolutionNode = FALSE
	EndGlobalSection
	GlobalSection(ExtensibilityGlobals) = postSolution
		SolutionGuid = {FA0783CF-BBBA-4847-823C-EDD6C388939A}
	EndGlobalSection
EndGlobal
